Microsoft Visual Studio Solution File, Format Version 7.00
Project("{8BC9CEB8-8B4A-11D0-8D11-00A0C91BC942}") = "THLFramework", "THLFramework.vcproj", "{D5556666-4933-4C45-977D-F7AFA0FA82BC}"
EndProject
Global
	GlobalSection(SolutionConfiguration) = preSolution
		ConfigName.0 = Debug
		ConfigName.1 = Release
	EndGlobalSection
	GlobalSection(ProjectDependencies) = postSolution
	EndGlobalSection
	GlobalSection(ProjectConfiguration) = postSolution
		{D5556666-4933-4C45-977D-F7AFA0FA82BC}.Debug.ActiveCfg = Debug|Win32
		{D5556666-4933-4C45-977D-F7AFA0FA82BC}.Debug.Build.0 = Debug|Win32
		{D5556666-4933-4C45-977D-F7AFA0FA82BC}.Release.ActiveCfg = Release|Win32
		{D5556666-4933-4C45-977D-F7AFA0FA82BC}.Release.Build.0 = Release|Win32
	EndGlobalSection
	GlobalSection(ExtensibilityGlobals) = postSolution
	EndGlobalSection
	GlobalSection(ExtensibilityAddIns) = postSolution
	EndGlobalSection
EndGlobal
